Microsoft Visual Studio Solution File, Format Version 12.00
# Visual Studio Version 17
VisualStudioVersion = 17.5.2.0
MinimumVisualStudioVersion = 10.0.40219.1
Project("{FAE04EC0-301F-11D3-BF4B-00C04F79EFBC}") = "PushExtension", "PushExtension.csproj", "{B0F076CF-8ACF-73CF-FC6B-9C05BC87D9DF}"
EndProject
Global
	GlobalSection(SolutionConfigurationPlatforms) = preSolution
		Debug|Any CPU = Debug|Any CPU
		Release|Any CPU = Release|Any CPU
	EndGlobalSection
	GlobalSection(ProjectConfigurationPlatforms) = postSolution
		{B0F076CF-8ACF-73CF-FC6B-9C05BC87D9DF}.Debug|Any CPU.ActiveCfg = Debug|Any CPU
		{B0F076CF-8ACF-73CF-FC6B-9C05BC87D9DF}.Debug|Any CPU.Build.0 = Debug|Any CPU
		{B0F076CF-8ACF-73CF-FC6B-9C05BC87D9DF}.Release|Any CPU.ActiveCfg = Release|Any CPU
		{B0F076CF-8ACF-73CF-FC6B-9C05BC87D9DF}.Release|Any CPU.Build.0 = Release|Any CPU
	EndGlobalSection
	GlobalSection(SolutionProperties) = preSolution
		HideSolutionNode = FALSE
	EndGlobalSection
	GlobalSection(ExtensibilityGlobals) = postSolution
		SolutionGuid = {7F196CB3-FB82-4A8C-9EF2-FDF986C01EFE}
	EndGlobalSection
EndGlobal
